<?xml version="1.0" encoding="utf-8"?>
<Project ToolsVersion="4.0" xmlns="http://schemas.microsoft.com/developer/msbuild/2003">
  <ItemGroup>
    <Filter Include="Source Files">
      <UniqueIdentifier>{4FC737F1-C7A5-4376-A066-2A32D752A2FF}</UniqueIdentifier>
      <Extensions>cpp;c;cc;cxx;c++;cppm;ixx;def;odl;idl;hpj;bat;asm;asmx</Extensions>
    </Filter>
    <Filter Include="Header Files">
      <UniqueIdentifier>{93995380-89BD-4b04-88EB-625FBE52EBFB}</UniqueIdentifier>
      <Extensions>h;hh;hpp;hxx;h++;hm;inl;inc;ipp;xsd</Extensions>
    </Filter>
    <Filter Include="Resource Files">
      <UniqueIdentifier>{67DA6AB6-F800-4c08-8B7A-83BB121AAD01}</UniqueIdentifier>
      <Extensions>rc;ico;cur;bmp;dlg;rc2;rct;bin;rgs;gif;jpg;jpeg;jpe;resx;tiff;tif;png;wav;mfcribbon-ms</Extensions>
    </Filter>
    <Filter Include="Header Files\Util">
      <UniqueIdentifier>{6c5b8600-0f30-4446-905b-36e9dd0a691c}</UniqueIdentifier>
    </Filter>
    <Filter Include="Source Files\Util">
      <UniqueIdentifier>{23c1d87d-f1cb-4149-b2ad-e53adf24cb17}</UniqueIdentifier>
    </Filter>
    <Filter Include="Header Files\Scene">
      <UniqueIdentifier>{07872140-d9bf-418a-b175-d2ff78731cea}</UniqueIdentifier>
    </Filter>
    <Filter Include="Source Files\Scene">
      <UniqueIdentifier>{485adcb4-b07d-4506-9ff2-b4606b2227d9}</UniqueIdentifier>
    </Filter>
    <Filter Include="Header Files\Tilemap">
      <UniqueIdentifier>{07534239-a8c8-4783-9118-5148f00eb664}</UniqueIdentifier>
    </Filter>
    <Filter Include="Source Files\Tilemap">
      <UniqueIdentifier>{04fe78c4-d0b4-47dc-91b2-03a1c23825d4}</UniqueIdentifier>
    </Filter>
    <Filter Include="Header Files\Graphics">
      <UniqueIdentifier>{0e312857-b362-4bf4-ad78-7cf39a8ca637}</UniqueIdentifier>
    </Filter>
    <Filter Include="Source Files\Graphics">
      <UniqueIdentifier>{d5e94e7b-eff3-4271-9a5f-9b034f74fd51}</UniqueIdentifier>
    </Filter>
    <Filter Include="Header Files\Level">
      <UniqueIdentifier>{cb00b212-ac62-4e93-a819-a13bbf4461fd}</UniqueIdentifier>
    </Filter>
    <Filter Include="Source Files\Level">
      <UniqueIdentifier>{9327264d-ec9e-4ffe-811d-f15cc759d84b}</UniqueIdentifier>
    </Filter>
    <Filter Include="Header Files\Actor">
      <UniqueIdentifier>{b4701699-237c-4760-a42f-0dde7ebceda0}</UniqueIdentifier>
    </Filter>
    <Filter Include="Source Files\Actor">
      <UniqueIdentifier>{a6d541e2-0d40-459d-8400-febfae2a1aa2}</UniqueIdentifier>
    </Filter>
    <Filter Include="Header Files\Actor\Player">
      <UniqueIdentifier>{7cfc3900-1fee-4486-aa4a-3989998bd6f5}</UniqueIdentifier>
    </Filter>
    <Filter Include="Source Files\Actor\Player">
      <UniqueIdentifier>{dac78e7a-3b4a-4add-859a-edaa4a77aac1}</UniqueIdentifier>
    </Filter>
    <Filter Include="Header Files\Physics">
      <UniqueIdentifier>{d37993ec-2b3a-49b9-88c9-46f76349d0d0}</UniqueIdentifier>
    </Filter>
    <Filter Include="Source Files\Physics">
      <UniqueIdentifier>{2fd5ab72-a7cd-484e-93de-19579e60ab5f}</UniqueIdentifier>
    </Filter>
    <Filter Include="Header Files\Audio">
      <UniqueIdentifier>{ec358138-6f0d-458e-bf15-ff805684aaf7}</UniqueIdentifier>
    </Filter>
    <Filter Include="Source Files\Audio">
      <UniqueIdentifier>{9b75b2ad-2fca-418f-b132-c6e24c30f6dc}</UniqueIdentifier>
    </Filter>
  </ItemGroup>
  <ItemGroup>
    <ClCompile Include="main.cpp">
      <Filter>Source Files</Filter>
    </ClCompile>
    <ClCompile Include="stdafx.cpp">
      <Filter>Source Files</Filter>
    </ClCompile>
    <ClCompile Include="Logger.cpp">
      <Filter>Source Files\Util</Filter>
    </ClCompile>
    <ClCompile Include="Settings.cpp">
      <Filter>Source Files\Util</Filter>
    </ClCompile>
    <ClCompile Include="Scene.cpp">
      <Filter>Source Files\Scene</Filter>
    </ClCompile>
    <ClCompile Include="Tilemap.cpp">
      <Filter>Source Files\Tilemap</Filter>
    </ClCompile>
    <ClCompile Include="Tile.cpp">
      <Filter>Source Files\Tilemap</Filter>
    </ClCompile>
    <ClCompile Include="Texture.cpp">
      <Filter>Source Files\Graphics</Filter>
    </ClCompile>
    <ClCompile Include="Image.cpp">
      <Filter>Source Files\Graphics</Filter>
    </ClCompile>
    <ClCompile Include="TileRegistry.cpp">
      <Filter>Source Files\Tilemap</Filter>
    </ClCompile>
    <ClCompile Include="LevelData.cpp">
      <Filter>Source Files\Level</Filter>
    </ClCompile>
    <ClCompile Include="LevelRegistry.cpp">
      <Filter>Source Files\Level</Filter>
    </ClCompile>
    <ClCompile Include="Window.cpp">
      <Filter>Source Files\Graphics</Filter>
    </ClCompile>
    <ClCompile Include="Parallax.cpp">
      <Filter>Source Files\Graphics</Filter>
    </ClCompile>
    <ClCompile Include="Camera.cpp">
      <Filter>Source Files\Graphics</Filter>
    </ClCompile>
    <ClCompile Include="Actor.cpp">
      <Filter>Source Files\Actor</Filter>
    </ClCompile>
    <ClCompile Include="Component.cpp">
      <Filter>Source Files\Actor</Filter>
    </ClCompile>
    <ClCompile Include="EventQueue.cpp">
      <Filter>Source Files\Util</Filter>
    </ClCompile>
    <ClCompile Include="InputHandle.cpp">
      <Filter>Source Files\Util</Filter>
    </ClCompile>
    <ClCompile Include="Player.cpp">
      <Filter>Source Files\Actor\Player</Filter>
    </ClCompile>
    <ClCompile Include="PlayerLogic.cpp">
      <Filter>Source Files\Actor\Player</Filter>
    </ClCompile>
    <ClCompile Include="PlayerGraphics.cpp">
      <Filter>Source Files\Actor\Player</Filter>
    </ClCompile>
    <ClCompile Include="PhysicsBody.cpp">
      <Filter>Source Files\Physics</Filter>
    </ClCompile>
    <ClCompile Include="PhysicsEngine.cpp">
      <Filter>Source Files\Physics</Filter>
    </ClCompile>
    <ClCompile Include="Animation.cpp">
      <Filter>Source Files\Graphics</Filter>
    </ClCompile>
    <ClCompile Include="AnimationRegistry.cpp">
      <Filter>Source Files\Graphics</Filter>
    </ClCompile>
    <ClCompile Include="Goal.cpp">
      <Filter>Source Files\Actor</Filter>
    </ClCompile>
    <ClCompile Include="MovingPlatform.cpp">
      <Filter>Source Files\Actor</Filter>
    </ClCompile>
    <ClCompile Include="Boop.cpp">
      <Filter>Source Files\Actor</Filter>
    </ClCompile>
    <ClCompile Include="AudioEngine.cpp">
      <Filter>Source Files\Audio</Filter>
    </ClCompile>
    <ClCompile Include="AudioRegistry.cpp">
      <Filter>Source Files\Audio</Filter>
    </ClCompile>
    <ClCompile Include="Music.cpp">
      <Filter>Source Files\Audio</Filter>
    </ClCompile>
    <ClCompile Include="Sound.cpp">
      <Filter>Source Files\Audio</Filter>
    </ClCompile>
  </ItemGroup>
  <ItemGroup>
    <None Include="packages.config" />
  </ItemGroup>
  <ItemGroup>
    <ClInclude Include="stdafx.h">
      <Filter>Header Files</Filter>
    </ClInclude>
    <ClInclude Include="Logger.h">
      <Filter>Header Files\Util</Filter>
    </ClInclude>
    <ClInclude Include="Settings.h">
      <Filter>Header Files\Util</Filter>
    </ClInclude>
    <ClInclude Include="Scene.h">
      <Filter>Header Files\Scene</Filter>
    </ClInclude>
    <ClInclude Include="Tilemap.h">
      <Filter>Header Files\Tilemap</Filter>
    </ClInclude>
    <ClInclude Include="Tile.h">
      <Filter>Header Files\Tilemap</Filter>
    </ClInclude>
    <ClInclude Include="Texture.h">
      <Filter>Header Files\Graphics</Filter>
    </ClInclude>
    <ClInclude Include="Image.h">
      <Filter>Header Files\Graphics</Filter>
    </ClInclude>
    <ClInclude Include="TileRegistry.h">
      <Filter>Header Files\Tilemap</Filter>
    </ClInclude>
    <ClInclude Include="LevelData.h">
      <Filter>Header Files\Level</Filter>
    </ClInclude>
    <ClInclude Include="LevelRegistry.h">
      <Filter>Header Files\Level</Filter>
    </ClInclude>
    <ClInclude Include="Window.h">
      <Filter>Header Files\Graphics</Filter>
    </ClInclude>
    <ClInclude Include="Parallax.h">
      <Filter>Header Files\Graphics</Filter>
    </ClInclude>
    <ClInclude Include="Camera.h">
      <Filter>Header Files\Graphics</Filter>
    </ClInclude>
    <ClInclude Include="Actor.h">
      <Filter>Header Files\Actor</Filter>
    </ClInclude>
    <ClInclude Include="Component.h">
      <Filter>Header Files\Actor</Filter>
    </ClInclude>
    <ClInclude Include="EventQueue.h">
      <Filter>Header Files\Util</Filter>
    </ClInclude>
    <ClInclude Include="InputHandle.h">
      <Filter>Header Files\Util</Filter>
    </ClInclude>
    <ClInclude Include="Player.h">
      <Filter>Header Files\Actor\Player</Filter>
    </ClInclude>
    <ClInclude Include="PlayerLogic.h">
      <Filter>Header Files\Actor\Player</Filter>
    </ClInclude>
    <ClInclude Include="PlayerGraphics.h">
      <Filter>Header Files\Actor\Player</Filter>
    </ClInclude>
    <ClInclude Include="PhysicsBody.h">
      <Filter>Header Files\Physics</Filter>
    </ClInclude>
    <ClInclude Include="PhysicsEngine.h">
      <Filter>Header Files\Physics</Filter>
    </ClInclude>
    <ClInclude Include="Animation.h">
      <Filter>Header Files\Graphics</Filter>
    </ClInclude>
    <ClInclude Include="AnimationRegistry.h">
      <Filter>Header Files\Graphics</Filter>
    </ClInclude>
    <ClInclude Include="Goal.h">
      <Filter>Header Files\Actor</Filter>
    </ClInclude>
    <ClInclude Include="MovingPlatform.h">
      <Filter>Header Files\Actor</Filter>
    </ClInclude>
    <ClInclude Include="Boop.h">
      <Filter>Header Files\Actor</Filter>
    </ClInclude>
    <ClInclude Include="AudioEngine.h">
      <Filter>Header Files\Audio</Filter>
    </ClInclude>
    <ClInclude Include="AudioRegistry.h">
      <Filter>Header Files\Audio</Filter>
    </ClInclude>
    <ClInclude Include="Music.h">
      <Filter>Header Files\Audio</Filter>
    </ClInclude>
    <ClInclude Include="Sound.h">
      <Filter>Header Files\Audio</Filter>
    </ClInclude>
  </ItemGroup>
</Project>